
Microsoft Visual Studio Solution File, Format Version 12.00
# Visual Studio Version 18
VisualStudioVersion = 18.1.11312.151
MinimumVisualStudioVersion = 10.0.40219.1
Project("{FAE04EC0-301F-11D3-BF4B-00C04F79EFBC}") = "pr26", "pr26\pr26.csproj", "{11B250BA-A366-4506-BAF7-6DC429E3909B}"
EndProject
Global
	GlobalSection(SolutionConfigurationPlatforms) = preSolution
		Debug|Any CPU = Debug|Any CPU
		Release|Any CPU = Release|Any CPU
	EndGlobalSection
	GlobalSection(ProjectConfigurationPlatforms) = postSolution
		{11B250BA-A366-4506-BAF7-6DC429E3909B}.Debug|Any CPU.ActiveCfg = Debug|Any CPU
		{11B250BA-A366-4506-BAF7-6DC429E3909B}.Debug|Any CPU.Build.0 = Debug|Any CPU
		{11B250BA-A366-4506-BAF7-6DC429E3909B}.Release|Any CPU.ActiveCfg = Release|Any CPU
		{11B250BA-A366-4506-BAF7-6DC429E3909B}.Release|Any CPU.Build.0 = Release|Any CPU
	EndGlobalSection
	GlobalSection(SolutionProperties) = preSolution
		HideSolutionNode = FALSE
	EndGlobalSection
	GlobalSection(ExtensibilityGlobals) = postSolution
		SolutionGuid = {BF5E4124-5DA7-4E46-BC67-17C4453B6AA1}
	EndGlobalSection
EndGlobal
